
Microsoft Visual Studio Solution File, Format Version 12.00
# Visual Studio Version 17
VisualStudioVersion = 17.4.33213.308
MinimumVisualStudioVersion = 10.0.40219.1
Project("{8BC9CEB8-8B4A-11D0-8D11-00A0C91BC942}") = "DemoWix", "DemoWix\DemoWix.vcxproj", "{AFA3F925-76F4-4A39-90B8-8FB15AD545C1}"
EndProject
Project("{B7DD6F7E-DEF8-4E67-B5B7-07EF123DB6F0}") = "wixMSI", "wixMSI\wixMSI.wixproj", "{0766FBB7-C384-43B5-9496-0307B73814A9}"
EndProject
Global
	GlobalSection(SolutionConfigurationPlatforms) = preSolution
		Debug|ARM64 = Debug|ARM64
		Debug|x64 = Debug|x64
		Debug|x86 = Debug|x86
		Release|ARM64 = Release|ARM64
		Release|x64 = Release|x64
		Release|x86 = Release|x86
	EndGlobalSection
	GlobalSection(ProjectConfigurationPlatforms) = postSolution
		{AFA3F925-76F4-4A39-90B8-8FB15AD545C1}.Debug|ARM64.ActiveCfg = Debug|x64
		{AFA3F925-76F4-4A39-90B8-8FB15AD545C1}.Debug|ARM64.Build.0 = Debug|x64
		{AFA3F925-76F4-4A39-90B8-8FB15AD545C1}.Debug|x64.ActiveCfg = Debug|x64
		{AFA3F925-76F4-4A39-90B8-8FB15AD545C1}.Debug|x64.Build.0 = Debug|x64
		{AFA3F925-76F4-4A39-90B8-8FB15AD545C1}.Debug|x86.ActiveCfg = Debug|Win32
		{AFA3F925-76F4-4A39-90B8-8FB15AD545C1}.Debug|x86.Build.0 = Debug|Win32
		{AFA3F925-76F4-4A39-90B8-8FB15AD545C1}.Release|ARM64.ActiveCfg = Release|x64
		{AFA3F925-76F4-4A39-90B8-8FB15AD545C1}.Release|ARM64.Build.0 = Release|x64
		{AFA3F925-76F4-4A39-90B8-8FB15AD545C1}.Release|x64.ActiveCfg = Release|x64
		{AFA3F925-76F4-4A39-90B8-8FB15AD545C1}.Release|x64.Build.0 = Release|x64
		{AFA3F925-76F4-4A39-90B8-8FB15AD545C1}.Release|x86.ActiveCfg = Release|Win32
		{AFA3F925-76F4-4A39-90B8-8FB15AD545C1}.Release|x86.Build.0 = Release|Win32
		{0766FBB7-C384-43B5-9496-0307B73814A9}.Debug|ARM64.ActiveCfg = Debug|x86
		{0766FBB7-C384-43B5-9496-0307B73814A9}.Debug|ARM64.Build.0 = Debug|x86
		{0766FBB7-C384-43B5-9496-0307B73814A9}.Debug|x64.ActiveCfg = Debug|x86
		{0766FBB7-C384-43B5-9496-0307B73814A9}.Debug|x64.Build.0 = Debug|x86
		{0766FBB7-C384-43B5-9496-0307B73814A9}.Debug|x86.ActiveCfg = Debug|x86
		{0766FBB7-C384-43B5-9496-0307B73814A9}.Debug|x86.Build.0 = Debug|x86
		{0766FBB7-C384-43B5-9496-0307B73814A9}.Release|ARM64.ActiveCfg = Release|x86
		{0766FBB7-C384-43B5-9496-0307B73814A9}.Release|ARM64.Build.0 = Release|x86
		{0766FBB7-C384-43B5-9496-0307B73814A9}.Release|x64.ActiveCfg = Release|x86
		{0766FBB7-C384-43B5-9496-0307B73814A9}.Release|x64.Build.0 = Release|x86
		{0766FBB7-C384-43B5-9496-0307B73814A9}.Release|x86.ActiveCfg = Release|x86
		{0766FBB7-C384-43B5-9496-0307B73814A9}.Release|x86.Build.0 = Release|x86
	EndGlobalSection
	GlobalSection(SolutionProperties) = preSolution
		HideSolutionNode = FALSE
	EndGlobalSection
	GlobalSection(ExtensibilityGlobals) = postSolution
		SolutionGuid = {7CF95047-E1A2-4AB4-8916-4C13D9C40948}
	EndGlobalSection
EndGlobal
